// !$*UTF8*$!
{
	archiveVersion = 1;
	classes = {
	};
	objectVersion = 48;
	objects = {

/* Begin PBXBuildFile section */
		59CD5B8A1FC2B56800760D33 /* AppDelegate.swift in Sources */ = {isa = PBXBuildFile; fileRef = 59CD5B891FC2B56800760D33 /* AppDelegate.swift */; };
		59CD5B8C1FC2B56800760D33 /* ViewController.swift in Sources */ = {isa = PBXBuildFile; fileRef = 59CD5B8B1FC2B56800760D33 /* ViewController.swift */; };
		59CD5B8F1FC2B56800760D33 /* Main.storyboard in Resources */ = {isa = PBXBuildFile; fileRef = 59CD5B8D1FC2B56800760D33 /* Main.storyboard */; };
		59CD5B921FC2B56800760D33 /* collectionViewTask.xcdatamodeld in Sources */ = {isa = PBXBuildFile; fileRef = 59CD5B901FC2B56800760D33 /* collectionViewTask.xcdatamodeld */; };
		59CD5B941FC2B56800760D33 /* Assets.xcassets in Resources */ = {isa = PBXBuildFile; fileRef = 59CD5B931FC2B56800760D33 /* Assets.xcassets */; };
		59CD5B971FC2B56800760D33 /* LaunchScreen.storyboard in Resources */ = {isa = PBXBuildFile; fileRef = 59CD5B951FC2B56800760D33 /* LaunchScreen.storyboard */; };
		59CD5BA21FC2B56900760D33 /* collectionViewTaskTests.swift in Sources */ = {isa = PBXBuildFile; fileRef = 59CD5BA11FC2B56900760D33 /* collectionViewTaskTests.swift */; };
		59CD5BAD1FC2CC9D00760D33 /* imgAndtxtCVcell.swift in Sources */ = {isa = PBXBuildFile; fileRef = 59CD5BAC1FC2CC9D00760D33 /* imgAndtxtCVcell.swift */; };
/* End PBXBuildFile section */

/* Begin PBXContainerItemProxy section */
		59CD5B9E1FC2B56900760D33 /* PBXContainerItemProxy */ = {
			isa = PBXContainerItemProxy;
			containerPortal = 59CD5B7E1FC2B56800760D33 /* Project object */;
			proxyType = 1;
			remoteGlobalIDString = 59CD5B851FC2B56800760D33;
			remoteInfo = collectionViewTask;
		};
/* End PBXContainerItemProxy section */

/* Begin PBXFileReference section */
		59CD5B861FC2B56800760D33 /* collectionViewTask.app */ = {isa = PBXFileReference; explicitFileType = wrapper.application; includeInIndex = 0; path = collectionViewTask.app; sourceTree = BUILT_PRODUCTS_DIR; };
		59CD5B891FC2B56800760D33 /* AppDelegate.swift */ = {isa = PBXFileReference; lastKnownFileType = sourcecode.swift; path = AppDelegate.swift; sourceTree = "<group>"; };
		59CD5B8B1FC2B56800760D33 /* ViewController.swift */ = {isa = PBXFileReference; lastKnownFileType = sourcecode.swift; path = ViewController.swift; sourceTree = "<group>"; };
		59CD5B8E1FC2B56800760D33 /* Base */ = {isa = PBXFileReference; lastKnownFileType = file.storyboard; name = Base; path = Base.lproj/Main.storyboard; sourceTree = "<group>"; };
		59CD5B911FC2B56800760D33 /* collectionViewTask.xcdatamodel */ = {isa = PBXFileReference; lastKnownFileType = wrapper.xcdatamodel; path = collectionViewTask.xcdatamodel; sourceTree = "<group>"; };
		59CD5B931FC2B56800760D33 /* Assets.xcassets */ = {isa = PBXFileReference; lastKnownFileType = folder.assetcatalog; path = Assets.xcassets; sourceTree = "<group>"; };
		59CD5B961FC2B56800760D33 /* Base */ = {isa = PBXFileReference; lastKnownFileType = file.storyboard; name = Base; path = Base.lproj/LaunchScreen.storyboard; sourceTree = "<group>"; };
		59CD5B981FC2B56800760D33 /* Info.plist */ = {isa = PBXFileReference; lastKnownFileType = text.plist.xml; path = Info.plist; sourceTree = "<group>"; };
		59CD5B9D1FC2B56900760D33 /* collectionViewTaskTests.xctest */ = {isa = PBXFileReference; explicitFileType = wrapper.cfbundle; includeInIndex = 0; path = collectionViewTaskTests.xctest; sourceTree = BUILT_PRODUCTS_DIR; };
		59CD5BA11FC2B56900760D33 /* collectionViewTaskTests.swift */ = {isa = PBXFileReference; lastKnownFileType = sourcecode.swift; path = collectionViewTaskTests.swift; sourceTree = "<group>"; };
		59CD5BA31FC2B56900760D33 /* Info.plist */ = {isa = PBXFileReference; lastKnownFileType = text.plist.xml; path = Info.plist; sourceTree = "<group>"; };
		59CD5BAC1FC2CC9D00760D33 /* imgAndtxtCVcell.swift */ = {isa = PBXFileReference; lastKnownFileType = sourcecode.swift; path = imgAndtxtCVcell.swift; sourceTree = "<group>"; };
/* End PBXFileReference section */

/* Begin PBXFrameworksBuildPhase section */
		59CD5B831FC2B56800760D33 /* Frameworks */ = {
			isa = PBXFrameworksBuildPhase;
			buildActionMask = 2147483647;
			files = (
			);
			runOnlyForDeploymentPostprocessing = 0;
		};
		59CD5B9A1FC2B56900760D33 /* Frameworks */ = {
			isa = PBXFrameworksBuildPhase;
			buildActionMask = 2147483647;
			files = (
			);
			runOnlyForDeploymentPostprocessing = 0;
		};
/* End PBXFrameworksBuildPhase section */

/* Begin PBXGroup section */
		59CD5B7D1FC2B56800760D33 = {
			isa = PBXGroup;
			children = (
				59CD5B881FC2B56800760D33 /* collectionViewTask */,
				59CD5BA01FC2B56900760D33 /* collectionViewTaskTests */,
				59CD5B871FC2B56800760D33 /* Products */,
			);
			sourceTree = "<group>";
		};
		59CD5B871FC2B56800760D33 /* Products */ = {
			isa = PBXGroup;
			children = (
				59CD5B861FC2B56800760D33 /* collectionViewTask.app */,
				59CD5B9D1FC2B56900760D33 /* collectionViewTaskTests.xctest */,
			);
			name = Products;
			sourceTree = "<group>";
		};
		59CD5B881FC2B56800760D33 /* collectionViewTask */ = {
			isa = PBXGroup;
			children = (
				59CD5B891FC2B56800760D33 /* AppDelegate.swift */,
				59CD5B8B1FC2B56800760D33 /* ViewController.swift */,
				59CD5B8D1FC2B56800760D33 /* Main.storyboard */,
				59CD5B931FC2B56800760D33 /* Assets.xcassets */,
				59CD5B951FC2B56800760D33 /* LaunchScreen.storyboard */,
				59CD5B981FC2B56800760D33 /* Info.plist */,
				59CD5B901FC2B56800760D33 /* collectionViewTask.xcdatamodeld */,
				59CD5BAC1FC2CC9D00760D33 /* imgAndtxtCVcell.swift */,
			);
			path = collectionViewTask;
			sourceTree = "<group>";
		};
		59CD5BA01FC2B56900760D33 /* collectionViewTaskTests */ = {
			isa = PBXGroup;
			children = (
				59CD5BA11FC2B56900760D33 /* collectionViewTaskTests.swift */,
				59CD5BA31FC2B56900760D33 /* Info.plist */,
			);
			path = collectionViewTaskTests;
			sourceTree = "<group>";
		};
/* End PBXGroup section */

/* Begin PBXNativeTarget section */
		59CD5B851FC2B56800760D33 /* collectionViewTask */ = {
			isa = PBXNativeTarget;
			buildConfigurationList = 59CD5BA61FC2B56900760D33 /* Build configuration list for PBXNativeTarget "collectionViewTask" */;
			buildPhases = (
				59CD5B821FC2B56800760D33 /* Sources */,
				59CD5B831FC2B56800760D33 /* Frameworks */,
				59CD5B841FC2B56800760D33 /* Resources */,
			);
			buildRules = (
			);
			dependencies = (
			);
			name = collectionViewTask;
			productName = collectionViewTask;
			productReference = 59CD5B861FC2B56800760D33 /* collectionViewTask.app */;
			productType = "com.apple.product-type.application";
		};
		59CD5B9C1FC2B56900760D33 /* collectionViewTaskTests */ = {
			isa = PBXNativeTarget;
			buildConfigurationList = 59CD5BA91FC2B56900760D33 /* Build configuration list for PBXNativeTarget "collectionViewTaskTests" */;
			buildPhases = (
				59CD5B991FC2B56900760D33 /* Sources */,
				59CD5B9A1FC2B56900760D33 /* Frameworks */,
				59CD5B9B1FC2B56900760D33 /* Resources */,
			);
			buildRules = (
			);
			dependencies = (
				59CD5B9F1FC2B56900760D33 /* PBXTargetDependency */,
			);
			name = collectionViewTaskTests;
			productName = collectionViewTaskTests;
			productReference = 59CD5B9D1FC2B56900760D33 /* collectionViewTaskTests.xctest */;
			productType = "com.apple.product-type.bundle.unit-test";
		};
/* End PBXNativeTarget section */

/* Begin PBXProject section */
		59CD5B7E1FC2B56800760D33 /* Project object */ = {
			isa = PBXProject;
			attributes = {
				LastSwiftUpdateCheck = 0910;
				LastUpgradeCheck = 0910;
				ORGANIZATIONNAME = "Rabeeh KP";
				TargetAttributes = {
					59CD5B851FC2B56800760D33 = {
						CreatedOnToolsVersion = 9.1;
						ProvisioningStyle = Automatic;
					};
					59CD5B9C1FC2B56900760D33 = {
						CreatedOnToolsVersion = 9.1;
						ProvisioningStyle = Automatic;
						TestTargetID = 59CD5B851FC2B56800760D33;
					};
				};
			};
			buildConfigurationList = 59CD5B811FC2B56800760D33 /* Build configuration list for PBXProject "collectionViewTask" */;
			compatibilityVersion = "Xcode 8.0";
			developmentRegion = en;
			hasScannedForEncodings = 0;
			knownRegions = (
				en,
				Base,
			);
			mainGroup = 59CD5B7D1FC2B56800760D33;
			productRefGroup = 59CD5B871FC2B56800760D33 /* Products */;
			projectDirPath = "";
			projectRoot = "";
			targets = (
				59CD5B851FC2B56800760D33 /* collectionViewTask */,
				59CD5B9C1FC2B56900760D33 /* collectionViewTaskTests */,
			);
		};
/* End PBXProject section */

/* Begin PBXResourcesBuildPhase section */
		59CD5B841FC2B56800760D33 /* Resources */ = {
			isa = PBXResourcesBuildPhase;
			buildActionMask = 2147483647;
			files = (
				59CD5B971FC2B56800760D33 /* LaunchScreen.storyboard in Resources */,
				59CD5B941FC2B56800760D33 /* Assets.xcassets in Resources */,
				59CD5B8F1FC2B56800760D33 /* Main.storyboard in Resources */,
			);
			runOnlyForDeploymentPostprocessing = 0;
		};
		59CD5B9B1FC2B56900760D33 /* Resources */ = {
			isa = PBXResourcesBuildPhase;
			buildActionMask = 2147483647;
			files = (
			);
			runOnlyForDeploymentPostprocessing = 0;
		};
/* End PBXResourcesBuildPhase section */

/* Begin PBXSourcesBuildPhase section */
		59CD5B821FC2B56800760D33 /* Sources */ = {
			isa = PBXSourcesBuildPhase;
			buildActionMask = 2147483647;
			files = (
				59CD5B921FC2B56800760D33 /* collectionViewTask.xcdatamodeld in Sources */,
				59CD5BAD1FC2CC9D00760D33 /* imgAndtxtCVcell.swift in Sources */,
				59CD5B8C1FC2B56800760D33 /* ViewController.swift in Sources */,
				59CD5B8A1FC2B56800760D33 /* AppDelegate.swift in Sources */,
			);
			runOnlyForDeploymentPostprocessing = 0;
		};
		59CD5B991FC2B56900760D33 /* Sources */ = {
			isa = PBXSourcesBuildPhase;
			buildActionMask = 2147483647;
			files = (
				59CD5BA21FC2B56900760D33 /* collectionViewTaskTests.swift in Sources */,
			);
			runOnlyForDeploymentPostprocessing = 0;
		};
/* End PBXSourcesBuildPhase section */

/* Begin PBXTargetDependency section */
		59CD5B9F1FC2B56900760D33 /* PBXTargetDependency */ = {
			isa = PBXTargetDependency;
			target = 59CD5B851FC2B56800760D33 /* collectionViewTask */;
			targetProxy = 59CD5B9E1FC2B56900760D33 /* PBXContainerItemProxy */;
		};
/* End PBXTargetDependency section */

/* Begin PBXVariantGroup section */
		59CD5B8D1FC2B56800760D33 /* Main.storyboard */ = {
			isa = PBXVariantGroup;
			children = (
				59CD5B8E1FC2B56800760D33 /* Base */,
			);
			name = Main.storyboard;
			sourceTree = "<group>";
		};
		59CD5B951FC2B56800760D33 /* LaunchScreen.storyboard */ = {
			isa = PBXVariantGroup;
			children = (
				59CD5B961FC2B56800760D33 /* Base */,
			);
			name = LaunchScreen.storyboard;
			sourceTree = "<group>";
		};
/* End PBXVariantGroup section */

/* Begin XCBuildConfiguration section */
		59CD5BA41FC2B56900760D33 /* Debug */ = {
			isa = XCBuildConfiguration;
			buildSettings = {
				ALWAYS_SEARCH_USER_PATHS = NO;
				CLANG_ANALYZER_NONNULL = YES;
				CLANG_ANALYZER_NUMBER_OBJECT_CONVERSION = YES_AGGRESSIVE;
				CLANG_CXX_LANGUAGE_STANDARD = "gnu++14";
				CLANG_CXX_LIBRARY = "libc++";
				CLANG_ENABLE_MODULES = YES;
				CLANG_ENABLE_OBJC_ARC = YES;
				CLANG_WARN_BLOCK_CAPTURE_AUTORELEASING = YES;
				CLANG_WARN_BOOL_CONVERSION = YES;
				CLANG_WARN_COMMA = YES;
				CLANG_WARN_CONSTANT_CONVERSION = YES;
				CLANG_WARN_DIRECT_OBJC_ISA_USAGE = YES_ERROR;
				CLANG_WARN_DOCUMENTATION_COMMENTS = YES;
				CLANG_WARN_EMPTY_BODY = YES;
				CLANG_WARN_ENUM_CONVERSION = YES;
				CLANG_WARN_INFINITE_RECURSION = YES;
				CLANG_WARN_INT_CONVERSION = YES;
				CLANG_WARN_NON_LITERAL_NULL_CONVERSION = YES;
				CLANG_WARN_OBJC_LITERAL_CONVERSION = YES;
				CLANG_WARN_OBJC_ROOT_CLASS = YES_ERROR;
				CLANG_WARN_RANGE_LOOP_ANALYSIS = YES;
				CLANG_WARN_STRICT_PROTOTYPES = YES;
				CLANG_WARN_SUSPICIOUS_MOVE = YES;
				CLANG_WARN_UNGUARDED_AVAILABILITY = YES_AGGRESSIVE;
				CLANG_WARN_UNREACHABLE_CODE = YES;
				CLANG_WARN__DUPLICATE_METHOD_MATCH = YES;
				CODE_SIGN_IDENTITY = "iPhone Developer";
				COPY_PHASE_STRIP = NO;
				DEBUG_INFORMATION_FORMAT = dwarf;
				ENABLE_STRICT_OBJC_MSGSEND = YES;
				ENABLE_TESTABILITY = YES;
				GCC_C_LANGUAGE_STANDARD = gnu11;
				GCC_DYNAMIC_NO_PIC = NO;
				GCC_NO_COMMON_BLOCKS = YES;
				GCC_OPTIMIZATION_LEVEL = 0;
				GCC_PREPROCESSOR_DEFINITIONS = (
					"DEBUG=1",
					"$(inherited)",
				);
				GCC_WARN_64_TO_32_BIT_CONVERSION = YES;
				GCC_WARN_ABOUT_RETURN_TYPE = YES_ERROR;
				GCC_WARN_UNDECLARED_SELECTOR = YES;
				GCC_WARN_UNINITIALIZED_AUTOS = YES_AGGRESSIVE;
				GCC_WARN_UNUSED_FUNCTION = YES;
				GCC_WARN_UNUSED_VARIABLE = YES;
				IPHONEOS_DEPLOYMENT_TARGET = 11.1;
				MTL_ENABLE_DEBUG_INFO = YES;
				ONLY_ACTIVE_ARCH = YES;
				SDKROOT = iphoneos;
				SWIFT_ACTIVE_COMPILATION_CONDITIONS = DEBUG;
				SWIFT_OPTIMIZATION_LEVEL = "-Onone";
			};
			name = Debug;
		};
		59CD5BA51FC2B56900760D33 /* Release */ = {
			isa = XCBuildConfiguration;
			buildSettings = {
				ALWAYS_SEARCH_USER_PATHS = NO;
				CLANG_ANALYZER_NONNULL = YES;
				CLANG_ANALYZER_NUMBER_OBJECT_CONVERSION = YES_AGGRESSIVE;
				CLANG_CXX_LANGUAGE_STANDARD = "gnu++14";
				CLANG_CXX_LIBRARY = "libc++";
				CLANG_ENABLE_MODULES = YES;
				CLANG_ENABLE_OBJC_ARC = YES;
				CLANG_WARN_BLOCK_CAPTURE_AUTORELEASING = YES;
				CLANG_WARN_BOOL_CONVERSION = YES;
				CLANG_WARN_COMMA = YES;
				CLANG_WARN_CONSTANT_CONVERSION = YES;
				CLANG_WARN_DIRECT_OBJC_ISA_USAGE = YES_ERROR;
				CLANG_WARN_DOCUMENTATION_COMMENTS = YES;
				CLANG_WARN_EMPTY_BODY = YES;
				CLANG_WARN_ENUM_CONVERSION = YES;
				CLANG_WARN_INFINITE_RECURSION = YES;
				CLANG_WARN_INT_CONVERSION = YES;
				CLANG_WARN_NON_LITERAL_NULL_CONVERSION = YES;
				CLANG_WARN_OBJC_LITERAL_CONVERSION = YES;
				CLANG_WARN_OBJC_ROOT_CLASS = YES_ERROR;
				CLANG_WARN_RANGE_LOOP_ANALYSIS = YES;
				CLANG_WARN_STRICT_PROTOTYPES = YES;
				CLANG_WARN_SUSPICIOUS_MOVE = YES;
				CLANG_WARN_UNGUARDED_AVAILABILITY = YES_AGGRESSIVE;
				CLANG_WARN_UNREACHABLE_CODE = YES;
				CLANG_WARN__DUPLICATE_METHOD_MATCH = YES;
				CODE_SIGN_IDENTITY = "iPhone Developer";
				COPY_PHASE_STRIP = NO;
				DEBUG_INFORMATION_FORMAT = "dwarf-with-dsym";
				ENABLE_NS_ASSERTIONS = NO;
				ENABLE_STRICT_OBJC_MSGSEND = YES;
				GCC_C_LANGUAGE_STANDARD = gnu11;
				GCC_NO_COMMON_BLOCKS = YES;
				GCC_WARN_64_TO_32_BIT_CONVERSION = YES;
				GCC_WARN_ABOUT_RETURN_TYPE = YES_ERROR;
				GCC_WARN_UNDECLARED_SELECTOR = YES;
				GCC_WARN_UNINITIALIZED_AUTOS = YES_AGGRESSIVE;
				GCC_WARN_UNUSED_FUNCTION = YES;
				GCC_WARN_UNUSED_VARIABLE = YES;
				IPHONEOS_DEPLOYMENT_TARGET = 11.1;
				MTL_ENABLE_DEBUG_INFO = NO;
				SDKROOT = iphoneos;
				SWIFT_OPTIMIZATION_LEVEL = "-Owholemodule";
				VALIDATE_PRODUCT = YES;
			};
			name = Release;
		};
		59CD5BA71FC2B56900760D33 /* Debug */ = {
			isa = XCBuildConfiguration;
			buildSettings = {
				ASSETCATALOG_COMPILER_APPICON_NAME = AppIcon;
				CODE_SIGN_STYLE = Automatic;
				INFOPLIST_FILE = collectionViewTask/Info.plist;
				LD_RUNPATH_SEARCH_PATHS = "$(inherited) @executable_path/Frameworks";
				PRODUCT_BUNDLE_IDENTIFIER = com.collectionViewTask.collectionViewTask;
				PRODUCT_NAME = "$(TARGET_NAME)";
				SWIFT_VERSION = 4.0;
				TARGETED_DEVICE_FAMILY = "1,2";
			};
			name = Debug;
		};
		59CD5BA81FC2B56900760D33 /* Release */ = {
			isa = XCBuildConfiguration;
			buildSettings = {
				ASSETCATALOG_COMPILER_APPICON_NAME = AppIcon;
				CODE_SIGN_STYLE = Automatic;
				INFOPLIST_FILE = collectionViewTask/Info.plist;
				LD_RUNPATH_SEARCH_PATHS = "$(inherited) @executable_path/Frameworks";
				PRODUCT_BUNDLE_IDENTIFIER = com.collectionViewTask.collectionViewTask;
				PRODUCT_NAME = "$(TARGET_NAME)";
				SWIFT_VERSION = 4.0;
				TARGETED_DEVICE_FAMILY = "1,2";
			};
			name = Release;
		};
		59CD5BAA1FC2B56900760D33 /* Debug */ = {
			isa = XCBuildConfiguration;
			buildSettings = {
				ALWAYS_EMBED_SWIFT_STANDARD_LIBRARIES = YES;
				BUNDLE_LOADER = "$(TEST_HOST)";
				CODE_SIGN_STYLE = Automatic;
				INFOPLIST_FILE = collectionViewTaskTests/Info.plist;
				LD_RUNPATH_SEARCH_PATHS = "$(inherited) @executable_path/Frameworks @loader_path/Frameworks";
				PRODUCT_BUNDLE_IDENTIFIER = com.collectionViewTask.collectionViewTaskTests;
				PRODUCT_NAME = "$(TARGET_NAME)";
				SWIFT_VERSION = 4.0;
				TARGETED_DEVICE_FAMILY = "1,2";
				TEST_HOST = "$(BUILT_PRODUCTS_DIR)/collectionViewTask.app/collectionViewTask";
			};
			name = Debug;
		};
		59CD5BAB1FC2B56900760D33 /* Release */ = {
			isa = XCBuildConfiguration;
			buildSettings = {
				ALWAYS_EMBED_SWIFT_STANDARD_LIBRARIES = YES;
				BUNDLE_LOADER = "$(TEST_HOST)";
				CODE_SIGN_STYLE = Automatic;
				INFOPLIST_FILE = collectionViewTaskTests/Info.plist;
				LD_RUNPATH_SEARCH_PATHS = "$(inherited) @executable_path/Frameworks @loader_path/Frameworks";
				PRODUCT_BUNDLE_IDENTIFIER = com.collectionViewTask.collectionViewTaskTests;
				PRODUCT_NAME = "$(TARGET_NAME)";
				SWIFT_VERSION = 4.0;
				TARGETED_DEVICE_FAMILY = "1,2";
				TEST_HOST = "$(BUILT_PRODUCTS_DIR)/collectionViewTask.app/collectionViewTask";
			};
			name = Release;
		};
/* End XCBuildConfiguration section */

/* Begin XCConfigurationList section */
		59CD5B811FC2B56800760D33 /* Build configuration list for PBXProject "collectionViewTask" */ = {
			isa = XCConfigurationList;
			buildConfigurations = (
				59CD5BA41FC2B56900760D33 /* Debug */,
				59CD5BA51FC2B56900760D33 /* Release */,
			);
			defaultConfigurationIsVisible = 0;
			defaultConfigurationName = Release;
		};
		59CD5BA61FC2B56900760D33 /* Build configuration list for PBXNativeTarget "collectionViewTask" */ = {
			isa = XCConfigurationList;
			buildConfigurations = (
				59CD5BA71FC2B56900760D33 /* Debug */,
				59CD5BA81FC2B56900760D33 /* Release */,
			);
			defaultConfigurationIsVisible = 0;
			defaultConfigurationName = Release;
		};
		59CD5BA91FC2B56900760D33 /* Build configuration list for PBXNativeTarget "collectionViewTaskTests" */ = {
			isa = XCConfigurationList;
			buildConfigurations = (
				59CD5BAA1FC2B56900760D33 /* Debug */,
				59CD5BAB1FC2B56900760D33 /* Release */,
			);
			defaultConfigurationIsVisible = 0;
			defaultConfigurationName = Release;
		};
/* End XCConfigurationList section */

/* Begin XCVersionGroup section */
		59CD5B901FC2B56800760D33 /* collectionViewTask.xcdatamodeld */ = {
			isa = XCVersionGroup;
			children = (
				59CD5B911FC2B56800760D33 /* collectionViewTask.xcdatamodel */,
			);
			currentVersion = 59CD5B911FC2B56800760D33 /* collectionViewTask.xcdatamodel */;
			path = collectionViewTask.xcdatamodeld;
			sourceTree = "<group>";
			versionGroupType = wrapper.xcdatamodel;
		};
/* End XCVersionGroup section */
	};
	rootObject = 59CD5B7E1FC2B56800760D33 /* Project object */;
}
